
Microsoft Visual Studio Solution File, Format Version 12.00
# Visual Studio 14
VisualStudioVersion = 14.0.25420.1
MinimumVisualStudioVersion = 10.0.40219.1
Project("{2150E333-8FDC-42A3-9474-1A3956D46DE8}") = "Solution Items", "Solution Items", "{DCDE9C1B-FF8E-415C-A07F-71E2DFE75162}"
EndProject
Project("{8BC9CEB8-8B4A-11D0-8D11-00A0C91BC942}") = "AlkitabMini", "AlkitabMini\AlkitabMini.vcxproj", "{06FC3A71-8A96-488E-B587-0E4BF65A5314}"
EndProject
Project("{8BC9CEB8-8B4A-11D0-8D11-00A0C91BC942}") = "SQLiteStaticLibrary", "SQLiteStaticLibrary\SQLiteStaticLibrary.vcxproj", "{BD7E9D10-81ED-461A-A7D8-73AD46E3AB02}"
EndProject
Global
	GlobalSection(SolutionConfigurationPlatforms) = preSolution
		Debug|x86 = Debug|x86
		Release|x86 = Release|x86
	EndGlobalSection
	GlobalSection(ProjectConfigurationPlatforms) = postSolution
		{06FC3A71-8A96-488E-B587-0E4BF65A5314}.Debug|x86.ActiveCfg = Debug|Win32
		{06FC3A71-8A96-488E-B587-0E4BF65A5314}.Debug|x86.Build.0 = Debug|Win32
		{06FC3A71-8A96-488E-B587-0E4BF65A5314}.Release|x86.ActiveCfg = Release|Win32
		{06FC3A71-8A96-488E-B587-0E4BF65A5314}.Release|x86.Build.0 = Release|Win32
		{BD7E9D10-81ED-461A-A7D8-73AD46E3AB02}.Debug|x86.ActiveCfg = Debug|Win32
		{BD7E9D10-81ED-461A-A7D8-73AD46E3AB02}.Debug|x86.Build.0 = Debug|Win32
		{BD7E9D10-81ED-461A-A7D8-73AD46E3AB02}.Release|x86.ActiveCfg = Release|Win32
		{BD7E9D10-81ED-461A-A7D8-73AD46E3AB02}.Release|x86.Build.0 = Release|Win32
	EndGlobalSection
	GlobalSection(SolutionProperties) = preSolution
		HideSolutionNode = FALSE
	EndGlobalSection
EndGlobal
